// !$*UTF8*$!
{
	archiveVersion = 1;
	classes = {
	};
	objectVersion = 46;
	objects = {

/* Begin PBXBuildFile section */
		2D2AFB201A9D494700A853F9 /* GraphingCalculatorSplitViewController.swift in Sources */ = {isa = PBXBuildFile; fileRef = 2D2AFB1F1A9D494700A853F9 /* GraphingCalculatorSplitViewController.swift */; };
		2D2AFB221A9D4CCE00A853F9 /* GraphViewController.swift in Sources */ = {isa = PBXBuildFile; fileRef = 2D2AFB211A9D4CCE00A853F9 /* GraphViewController.swift */; };
		2DA7D49B1A871AC400E013A6 /* AppDelegate.swift in Sources */ = {isa = PBXBuildFile; fileRef = 2DA7D49A1A871AC400E013A6 /* AppDelegate.swift */; };
		2DA7D49D1A871AC400E013A6 /* CalculatorViewController.swift in Sources */ = {isa = PBXBuildFile; fileRef = 2DA7D49C1A871AC400E013A6 /* CalculatorViewController.swift */; };
		2DA7D4A21A871AC400E013A6 /* Images.xcassets in Resources */ = {isa = PBXBuildFile; fileRef = 2DA7D4A11A871AC400E013A6 /* Images.xcassets */; };
		2DA7D4A51A871AC400E013A6 /* LaunchScreen.xib in Resources */ = {isa = PBXBuildFile; fileRef = 2DA7D4A31A871AC400E013A6 /* LaunchScreen.xib */; };
		2DA7D4B11A871AC400E013A6 /* ScientificCalculatorTests.swift in Sources */ = {isa = PBXBuildFile; fileRef = 2DA7D4B01A871AC400E013A6 /* ScientificCalculatorTests.swift */; };
		2DA7D4BB1A8AB55E00E013A6 /* CalculatorView.swift in Sources */ = {isa = PBXBuildFile; fileRef = 2DA7D4BA1A8AB55E00E013A6 /* CalculatorView.swift */; };
		2DA7D4BD1A8BF82B00E013A6 /* CalculatorModel.swift in Sources */ = {isa = PBXBuildFile; fileRef = 2DA7D4BC1A8BF82B00E013A6 /* CalculatorModel.swift */; };
/* End PBXBuildFile section */

/* Begin PBXContainerItemProxy section */
		2DA7D4AB1A871AC400E013A6 /* PBXContainerItemProxy */ = {
			isa = PBXContainerItemProxy;
			containerPortal = 2DA7D48D1A871AC400E013A6 /* Project object */;
			proxyType = 1;
			remoteGlobalIDString = 2DA7D4941A871AC400E013A6;
			remoteInfo = ScientificCalculator;
		};
/* End PBXContainerItemProxy section */

/* Begin PBXFileReference section */
		2D2AFB1F1A9D494700A853F9 /* GraphingCalculatorSplitViewController.swift */ = {isa = PBXFileReference; fileEncoding = 4; lastKnownFileType = sourcecode.swift; name = GraphingCalculatorSplitViewController.swift; path = ../GraphingCalculatorSplitViewController.swift; sourceTree = "<group>"; };
		2D2AFB211A9D4CCE00A853F9 /* GraphViewController.swift */ = {isa = PBXFileReference; fileEncoding = 4; lastKnownFileType = sourcecode.swift; path = GraphViewController.swift; sourceTree = "<group>"; };
		2DA7D4951A871AC400E013A6 /* ScientificCalculator.app */ = {isa = PBXFileReference; explicitFileType = wrapper.application; includeInIndex = 0; path = ScientificCalculator.app; sourceTree = BUILT_PRODUCTS_DIR; };
		2DA7D4991A871AC400E013A6 /* Info.plist */ = {isa = PBXFileReference; lastKnownFileType = text.plist.xml; path = Info.plist; sourceTree = "<group>"; };
		2DA7D49A1A871AC400E013A6 /* AppDelegate.swift */ = {isa = PBXFileReference; lastKnownFileType = sourcecode.swift; path = AppDelegate.swift; sourceTree = "<group>"; };
		2DA7D49C1A871AC400E013A6 /* CalculatorViewController.swift */ = {isa = PBXFileReference; lastKnownFileType = sourcecode.swift; path = CalculatorViewController.swift; sourceTree = "<group>"; };
		2DA7D4A11A871AC400E013A6 /* Images.xcassets */ = {isa = PBXFileReference; lastKnownFileType = folder.assetcatalog; path = Images.xcassets; sourceTree = "<group>"; };
		2DA7D4A41A871AC400E013A6 /* Base */ = {isa = PBXFileReference; lastKnownFileType = file.xib; name = Base; path = Base.lproj/LaunchScreen.xib; sourceTree = "<group>"; };
		2DA7D4AA1A871AC400E013A6 /* ScientificCalculatorTests.xctest */ = {isa = PBXFileReference; explicitFileType = wrapper.cfbundle; includeInIndex = 0; path = ScientificCalculatorTests.xctest; sourceTree = BUILT_PRODUCTS_DIR; };
		2DA7D4AF1A871AC400E013A6 /* Info.plist */ = {isa = PBXFileReference; lastKnownFileType = text.plist.xml; path = Info.plist; sourceTree = "<group>"; };
		2DA7D4B01A871AC400E013A6 /* ScientificCalculatorTests.swift */ = {isa = PBXFileReference; lastKnownFileType = sourcecode.swift; path = ScientificCalculatorTests.swift; sourceTree = "<group>"; };
		2DA7D4BA1A8AB55E00E013A6 /* CalculatorView.swift */ = {isa = PBXFileReference; fileEncoding = 4; lastKnownFileType = sourcecode.swift; path = CalculatorView.swift; sourceTree = "<group>"; };
		2DA7D4BC1A8BF82B00E013A6 /* CalculatorModel.swift */ = {isa = PBXFileReference; fileEncoding = 4; lastKnownFileType = sourcecode.swift; path = CalculatorModel.swift; sourceTree = "<group>"; };
/* End PBXFileReference section */

/* Begin PBXFrameworksBuildPhase section */
		2DA7D4921A871AC400E013A6 /* Frameworks */ = {
			isa = PBXFrameworksBuildPhase;
			buildActionMask = 2147483647;
			files = (
			);
			runOnlyForDeploymentPostprocessing = 0;
		};
		2DA7D4A71A871AC400E013A6 /* Frameworks */ = {
			isa = PBXFrameworksBuildPhase;
			buildActionMask = 2147483647;
			files = (
			);
			runOnlyForDeploymentPostprocessing = 0;
		};
/* End PBXFrameworksBuildPhase section */

/* Begin PBXGroup section */
		2DA7D48C1A871AC400E013A6 = {
			isa = PBXGroup;
			children = (
				2DA7D4971A871AC400E013A6 /* ScientificCalculator */,
				2DA7D4AD1A871AC400E013A6 /* ScientificCalculatorTests */,
				2DA7D4961A871AC400E013A6 /* Products */,
			);
			sourceTree = "<group>";
		};
		2DA7D4961A871AC400E013A6 /* Products */ = {
			isa = PBXGroup;
			children = (
				2DA7D4951A871AC400E013A6 /* ScientificCalculator.app */,
				2DA7D4AA1A871AC400E013A6 /* ScientificCalculatorTests.xctest */,
			);
			name = Products;
			sourceTree = "<group>";
		};
		2DA7D4971A871AC400E013A6 /* ScientificCalculator */ = {
			isa = PBXGroup;
			children = (
				2DA7D49A1A871AC400E013A6 /* AppDelegate.swift */,
				2D2AFB1F1A9D494700A853F9 /* GraphingCalculatorSplitViewController.swift */,
				2D2AFB211A9D4CCE00A853F9 /* GraphViewController.swift */,
				2DA7D49C1A871AC400E013A6 /* CalculatorViewController.swift */,
				2DA7D4BC1A8BF82B00E013A6 /* CalculatorModel.swift */,
				2DA7D4BA1A8AB55E00E013A6 /* CalculatorView.swift */,
				2DA7D4981A871AC400E013A6 /* Supporting Files */,
			);
			path = ScientificCalculator;
			sourceTree = "<group>";
		};
		2DA7D4981A871AC400E013A6 /* Supporting Files */ = {
			isa = PBXGroup;
			children = (
				2DA7D4A31A871AC400E013A6 /* LaunchScreen.xib */,
				2DA7D4A11A871AC400E013A6 /* Images.xcassets */,
				2DA7D4991A871AC400E013A6 /* Info.plist */,
			);
			name = "Supporting Files";
			sourceTree = "<group>";
		};
		2DA7D4AD1A871AC400E013A6 /* ScientificCalculatorTests */ = {
			isa = PBXGroup;
			children = (
				2DA7D4B01A871AC400E013A6 /* ScientificCalculatorTests.swift */,
				2DA7D4AE1A871AC400E013A6 /* Supporting Files */,
			);
			path = ScientificCalculatorTests;
			sourceTree = "<group>";
		};
		2DA7D4AE1A871AC400E013A6 /* Supporting Files */ = {
			isa = PBXGroup;
			children = (
				2DA7D4AF1A871AC400E013A6 /* Info.plist */,
			);
			name = "Supporting Files";
			sourceTree = "<group>";
		};
/* End PBXGroup section */

/* Begin PBXNativeTarget section */
		2DA7D4941A871AC400E013A6 /* ScientificCalculator */ = {
			isa = PBXNativeTarget;
			buildConfigurationList = 2DA7D4B41A871AC400E013A6 /* Build configuration list for PBXNativeTarget "ScientificCalculator" */;
			buildPhases = (
				2DA7D4911A871AC400E013A6 /* Sources */,
				2DA7D4921A871AC400E013A6 /* Frameworks */,
				2DA7D4931A871AC400E013A6 /* Resources */,
			);
			buildRules = (
			);
			dependencies = (
			);
			name = ScientificCalculator;
			productName = ScientificCalculator;
			productReference = 2DA7D4951A871AC400E013A6 /* ScientificCalculator.app */;
			productType = "com.apple.product-type.application";
		};
		2DA7D4A91A871AC400E013A6 /* ScientificCalculatorTests */ = {
			isa = PBXNativeTarget;
			buildConfigurationList = 2DA7D4B71A871AC400E013A6 /* Build configuration list for PBXNativeTarget "ScientificCalculatorTests" */;
			buildPhases = (
				2DA7D4A61A871AC400E013A6 /* Sources */,
				2DA7D4A71A871AC400E013A6 /* Frameworks */,
				2DA7D4A81A871AC400E013A6 /* Resources */,
			);
			buildRules = (
			);
			dependencies = (
				2DA7D4AC1A871AC400E013A6 /* PBXTargetDependency */,
			);
			name = ScientificCalculatorTests;
			productName = ScientificCalculatorTests;
			productReference = 2DA7D4AA1A871AC400E013A6 /* ScientificCalculatorTests.xctest */;
			productType = "com.apple.product-type.bundle.unit-test";
		};
/* End PBXNativeTarget section */

/* Begin PBXProject section */
		2DA7D48D1A871AC400E013A6 /* Project object */ = {
			isa = PBXProject;
			attributes = {
				LastUpgradeCheck = 0610;
				ORGANIZATIONNAME = "rocket-raccoon";
				TargetAttributes = {
					2DA7D4941A871AC400E013A6 = {
						CreatedOnToolsVersion = 6.1.1;
					};
					2DA7D4A91A871AC400E013A6 = {
						CreatedOnToolsVersion = 6.1.1;
						TestTargetID = 2DA7D4941A871AC400E013A6;
					};
				};
			};
			buildConfigurationList = 2DA7D4901A871AC400E013A6 /* Build configuration list for PBXProject "ScientificCalculator" */;
			compatibilityVersion = "Xcode 3.2";
			developmentRegion = English;
			hasScannedForEncodings = 0;
			knownRegions = (
				en,
				Base,
			);
			mainGroup = 2DA7D48C1A871AC400E013A6;
			productRefGroup = 2DA7D4961A871AC400E013A6 /* Products */;
			projectDirPath = "";
			projectRoot = "";
			targets = (
				2DA7D4941A871AC400E013A6 /* ScientificCalculator */,
				2DA7D4A91A871AC400E013A6 /* ScientificCalculatorTests */,
			);
		};
/* End PBXProject section */

/* Begin PBXResourcesBuildPhase section */
		2DA7D4931A871AC400E013A6 /* Resources */ = {
			isa = PBXResourcesBuildPhase;
			buildActionMask = 2147483647;
			files = (
				2DA7D4A51A871AC400E013A6 /* LaunchScreen.xib in Resources */,
				2DA7D4A21A871AC400E013A6 /* Images.xcassets in Resources */,
			);
			runOnlyForDeploymentPostprocessing = 0;
		};
		2DA7D4A81A871AC400E013A6 /* Resources */ = {
			isa = PBXResourcesBuildPhase;
			buildActionMask = 2147483647;
			files = (
			);
			runOnlyForDeploymentPostprocessing = 0;
		};
/* End PBXResourcesBuildPhase section */

/* Begin PBXSourcesBuildPhase section */
		2DA7D4911A871AC400E013A6 /* Sources */ = {
			isa = PBXSourcesBuildPhase;
			buildActionMask = 2147483647;
			files = (
				2DA7D49D1A871AC400E013A6 /* CalculatorViewController.swift in Sources */,
				2DA7D4BB1A8AB55E00E013A6 /* CalculatorView.swift in Sources */,
				2DA7D49B1A871AC400E013A6 /* AppDelegate.swift in Sources */,
				2D2AFB221A9D4CCE00A853F9 /* GraphViewController.swift in Sources */,
				2D2AFB201A9D494700A853F9 /* GraphingCalculatorSplitViewController.swift in Sources */,
				2DA7D4BD1A8BF82B00E013A6 /* CalculatorModel.swift in Sources */,
			);
			runOnlyForDeploymentPostprocessing = 0;
		};
		2DA7D4A61A871AC400E013A6 /* Sources */ = {
			isa = PBXSourcesBuildPhase;
			buildActionMask = 2147483647;
			files = (
				2DA7D4B11A871AC400E013A6 /* ScientificCalculatorTests.swift in Sources */,
			);
			runOnlyForDeploymentPostprocessing = 0;
		};
/* End PBXSourcesBuildPhase section */

/* Begin PBXTargetDependency section */
		2DA7D4AC1A871AC400E013A6 /* PBXTargetDependency */ = {
			isa = PBXTargetDependency;
			target = 2DA7D4941A871AC400E013A6 /* ScientificCalculator */;
			targetProxy = 2DA7D4AB1A871AC400E013A6 /* PBXContainerItemProxy */;
		};
/* End PBXTargetDependency section */

/* Begin PBXVariantGroup section */
		2DA7D4A31A871AC400E013A6 /* LaunchScreen.xib */ = {
			isa = PBXVariantGroup;
			children = (
				2DA7D4A41A871AC400E013A6 /* Base */,
			);
			name = LaunchScreen.xib;
			sourceTree = "<group>";
		};
/* End PBXVariantGroup section */

/* Begin XCBuildConfiguration section */
		2DA7D4B21A871AC400E013A6 /* Debug */ = {
			isa = XCBuildConfiguration;
			buildSettings = {
				ALWAYS_SEARCH_USER_PATHS = NO;
				CLANG_CXX_LANGUAGE_STANDARD = "gnu++0x";
				CLANG_CXX_LIBRARY = "libc++";
				CLANG_ENABLE_MODULES = YES;
				CLANG_ENABLE_OBJC_ARC = YES;
				CLANG_WARN_BOOL_CONVERSION = YES;
				CLANG_WARN_CONSTANT_CONVERSION = YES;
				CLANG_WARN_DIRECT_OBJC_ISA_USAGE = YES_ERROR;
				CLANG_WARN_EMPTY_BODY = YES;
				CLANG_WARN_ENUM_CONVERSION = YES;
				CLANG_WARN_INT_CONVERSION = YES;
				CLANG_WARN_OBJC_ROOT_CLASS = YES_ERROR;
				CLANG_WARN_UNREACHABLE_CODE = YES;
				CLANG_WARN__DUPLICATE_METHOD_MATCH = YES;
				"CODE_SIGN_IDENTITY[sdk=iphoneos*]" = "iPhone Developer";
				COPY_PHASE_STRIP = NO;
				ENABLE_STRICT_OBJC_MSGSEND = YES;
				GCC_C_LANGUAGE_STANDARD = gnu99;
				GCC_DYNAMIC_NO_PIC = NO;
				GCC_OPTIMIZATION_LEVEL = 0;
				GCC_PREPROCESSOR_DEFINITIONS = (
					"DEBUG=1",
					"$(inherited)",
				);
				GCC_SYMBOLS_PRIVATE_EXTERN = NO;
				GCC_WARN_64_TO_32_BIT_CONVERSION = YES;
				GCC_WARN_ABOUT_RETURN_TYPE = YES_ERROR;
				GCC_WARN_UNDECLARED_SELECTOR = YES;
				GCC_WARN_UNINITIALIZED_AUTOS = YES_AGGRESSIVE;
				GCC_WARN_UNUSED_FUNCTION = YES;
				GCC_WARN_UNUSED_VARIABLE = YES;
				IPHONEOS_DEPLOYMENT_TARGET = 8.1;
				MTL_ENABLE_DEBUG_INFO = YES;
				ONLY_ACTIVE_ARCH = YES;
				SDKROOT = iphoneos;
				SWIFT_OPTIMIZATION_LEVEL = "-Onone";
				TARGETED_DEVICE_FAMILY = "1,2";
			};
			name = Debug;
		};
		2DA7D4B31A871AC400E013A6 /* Release */ = {
			isa = XCBuildConfiguration;
			buildSettings = {
				ALWAYS_SEARCH_USER_PATHS = NO;
				CLANG_CXX_LANGUAGE_STANDARD = "gnu++0x";
				CLANG_CXX_LIBRARY = "libc++";
				CLANG_ENABLE_MODULES = YES;
				CLANG_ENABLE_OBJC_ARC = YES;
				CLANG_WARN_BOOL_CONVERSION = YES;
				CLANG_WARN_CONSTANT_CONVERSION = YES;
				CLANG_WARN_DIRECT_OBJC_ISA_USAGE = YES_ERROR;
				CLANG_WARN_EMPTY_BODY = YES;
				CLANG_WARN_ENUM_CONVERSION = YES;
				CLANG_WARN_INT_CONVERSION = YES;
				CLANG_WARN_OBJC_ROOT_CLASS = YES_ERROR;
				CLANG_WARN_UNREACHABLE_CODE = YES;
				CLANG_WARN__DUPLICATE_METHOD_MATCH = YES;
				"CODE_SIGN_IDENTITY[sdk=iphoneos*]" = "iPhone Developer";
				COPY_PHASE_STRIP = YES;
				ENABLE_NS_ASSERTIONS = NO;
				ENABLE_STRICT_OBJC_MSGSEND = YES;
				GCC_C_LANGUAGE_STANDARD = gnu99;
				GCC_WARN_64_TO_32_BIT_CONVERSION = YES;
				GCC_WARN_ABOUT_RETURN_TYPE = YES_ERROR;
				GCC_WARN_UNDECLARED_SELECTOR = YES;
				GCC_WARN_UNINITIALIZED_AUTOS = YES_AGGRESSIVE;
				GCC_WARN_UNUSED_FUNCTION = YES;
				GCC_WARN_UNUSED_VARIABLE = YES;
				IPHONEOS_DEPLOYMENT_TARGET = 8.1;
				MTL_ENABLE_DEBUG_INFO = NO;
				SDKROOT = iphoneos;
				TARGETED_DEVICE_FAMILY = "1,2";
				VALIDATE_PRODUCT = YES;
			};
			name = Release;
		};
		2DA7D4B51A871AC400E013A6 /* Debug */ = {
			isa = XCBuildConfiguration;
			buildSettings = {
				ASSETCATALOG_COMPILER_APPICON_NAME = AppIcon;
				INFOPLIST_FILE = ScientificCalculator/Info.plist;
				LD_RUNPATH_SEARCH_PATHS = "$(inherited) @executable_path/Frameworks";
				PRODUCT_NAME = "$(TARGET_NAME)";
			};
			name = Debug;
		};
		2DA7D4B61A871AC400E013A6 /* Release */ = {
			isa = XCBuildConfiguration;
			buildSettings = {
				ASSETCATALOG_COMPILER_APPICON_NAME = AppIcon;
				INFOPLIST_FILE = ScientificCalculator/Info.plist;
				LD_RUNPATH_SEARCH_PATHS = "$(inherited) @executable_path/Frameworks";
				PRODUCT_NAME = "$(TARGET_NAME)";
			};
			name = Release;
		};
		2DA7D4B81A871AC400E013A6 /* Debug */ = {
			isa = XCBuildConfiguration;
			buildSettings = {
				BUNDLE_LOADER = "$(TEST_HOST)";
				FRAMEWORK_SEARCH_PATHS = (
					"$(SDKROOT)/Developer/Library/Frameworks",
					"$(inherited)",
				);
				GCC_PREPROCESSOR_DEFINITIONS = (
					"DEBUG=1",
					"$(inherited)",
				);
				INFOPLIST_FILE = ScientificCalculatorTests/Info.plist;
				LD_RUNPATH_SEARCH_PATHS = "$(inherited) @executable_path/Frameworks @loader_path/Frameworks";
				PRODUCT_NAME = "$(TARGET_NAME)";
				TEST_HOST = "$(BUILT_PRODUCTS_DIR)/ScientificCalculator.app/ScientificCalculator";
			};
			name = Debug;
		};
		2DA7D4B91A871AC400E013A6 /* Release */ = {
			isa = XCBuildConfiguration;
			buildSettings = {
				BUNDLE_LOADER = "$(TEST_HOST)";
				FRAMEWORK_SEARCH_PATHS = (
					"$(SDKROOT)/Developer/Library/Frameworks",
					"$(inherited)",
				);
				INFOPLIST_FILE = ScientificCalculatorTests/Info.plist;
				LD_RUNPATH_SEARCH_PATHS = "$(inherited) @executable_path/Frameworks @loader_path/Frameworks";
				PRODUCT_NAME = "$(TARGET_NAME)";
				TEST_HOST = "$(BUILT_PRODUCTS_DIR)/ScientificCalculator.app/ScientificCalculator";
			};
			name = Release;
		};
/* End XCBuildConfiguration section */

/* Begin XCConfigurationList section */
		2DA7D4901A871AC400E013A6 /* Build configuration list for PBXProject "ScientificCalculator" */ = {
			isa = XCConfigurationList;
			buildConfigurations = (
				2DA7D4B21A871AC400E013A6 /* Debug */,
				2DA7D4B31A871AC400E013A6 /* Release */,
			);
			defaultConfigurationIsVisible = 0;
			defaultConfigurationName = Release;
		};
		2DA7D4B41A871AC400E013A6 /* Build configuration list for PBXNativeTarget "ScientificCalculator" */ = {
			isa = XCConfigurationList;
			buildConfigurations = (
				2DA7D4B51A871AC400E013A6 /* Debug */,
				2DA7D4B61A871AC400E013A6 /* Release */,
			);
			defaultConfigurationIsVisible = 0;
			defaultConfigurationName = Release;
		};
		2DA7D4B71A871AC400E013A6 /* Build configuration list for PBXNativeTarget "ScientificCalculatorTests" */ = {
			isa = XCConfigurationList;
			buildConfigurations = (
				2DA7D4B81A871AC400E013A6 /* Debug */,
				2DA7D4B91A871AC400E013A6 /* Release */,
			);
			defaultConfigurationIsVisible = 0;
			defaultConfigurationName = Release;
		};
/* End XCConfigurationList section */
	};
	rootObject = 2DA7D48D1A871AC400E013A6 /* Project object */;
}
